
Microsoft Visual Studio Solution File, Format Version 12.00
# Visual Studio Version 16
VisualStudioVersion = 16.0.31624.102
MinimumVisualStudioVersion = 10.0.40219.1
Project("{9A19103F-16F7-4668-BE54-9A1E7A4F7556}") = "NotificationScheduling.Web", "NotificationScheduling.Web\NotificationScheduling.Web.csproj", "{81257F3E-1E36-44D9-BB70-FA2C057AD634}"
EndProject
Project("{9A19103F-16F7-4668-BE54-9A1E7A4F7556}") = "NotificationScheduling.Services", "NotificationScheduling.Services\NotificationScheduling.Services.csproj", "{D32B68EC-9B87-47B1-AFCE-F2440D3627FD}"
EndProject
Project("{9A19103F-16F7-4668-BE54-9A1E7A4F7556}") = "NotificationScheduling.Tests", "NotificationScheduling.Tests\NotificationScheduling.Tests.csproj", "{79936092-5D23-4D03-AFAB-FFE0B71E2F72}"
EndProject
Project("{9A19103F-16F7-4668-BE54-9A1E7A4F7556}") = "NotificationScheduling.Domain", "NotificationScheduling.Domain\NotificationScheduling.Domain.csproj", "{D1475B8E-EE24-47C4-8D4B-258B302C78AA}"
EndProject
Project("{9A19103F-16F7-4668-BE54-9A1E7A4F7556}") = "NotificationScheduling.Infrastructure", "NotificationScheduling.Infrastructure\NotificationScheduling.Infrastructure.csproj", "{9602356E-15D1-4DAF-84C5-F8621193BD22}"
EndProject
Global
	GlobalSection(SolutionConfigurationPlatforms) = preSolution
		Debug|Any CPU = Debug|Any CPU
		Release|Any CPU = Release|Any CPU
	EndGlobalSection
	GlobalSection(ProjectConfigurationPlatforms) = postSolution
		{81257F3E-1E36-44D9-BB70-FA2C057AD634}.Debug|Any CPU.ActiveCfg = Debug|Any CPU
		{81257F3E-1E36-44D9-BB70-FA2C057AD634}.Debug|Any CPU.Build.0 = Debug|Any CPU
		{81257F3E-1E36-44D9-BB70-FA2C057AD634}.Release|Any CPU.ActiveCfg = Release|Any CPU
		{81257F3E-1E36-44D9-BB70-FA2C057AD634}.Release|Any CPU.Build.0 = Release|Any CPU
		{D32B68EC-9B87-47B1-AFCE-F2440D3627FD}.Debug|Any CPU.ActiveCfg = Debug|Any CPU
		{D32B68EC-9B87-47B1-AFCE-F2440D3627FD}.Debug|Any CPU.Build.0 = Debug|Any CPU
		{D32B68EC-9B87-47B1-AFCE-F2440D3627FD}.Release|Any CPU.ActiveCfg = Release|Any CPU
		{D32B68EC-9B87-47B1-AFCE-F2440D3627FD}.Release|Any CPU.Build.0 = Release|Any CPU
		{79936092-5D23-4D03-AFAB-FFE0B71E2F72}.Debug|Any CPU.ActiveCfg = Debug|Any CPU
		{79936092-5D23-4D03-AFAB-FFE0B71E2F72}.Debug|Any CPU.Build.0 = Debug|Any CPU
		{79936092-5D23-4D03-AFAB-FFE0B71E2F72}.Release|Any CPU.ActiveCfg = Release|Any CPU
		{79936092-5D23-4D03-AFAB-FFE0B71E2F72}.Release|Any CPU.Build.0 = Release|Any CPU
		{D1475B8E-EE24-47C4-8D4B-258B302C78AA}.Debug|Any CPU.ActiveCfg = Debug|Any CPU
		{D1475B8E-EE24-47C4-8D4B-258B302C78AA}.Debug|Any CPU.Build.0 = Debug|Any CPU
		{D1475B8E-EE24-47C4-8D4B-258B302C78AA}.Release|Any CPU.ActiveCfg = Release|Any CPU
		{D1475B8E-EE24-47C4-8D4B-258B302C78AA}.Release|Any CPU.Build.0 = Release|Any CPU
		{9602356E-15D1-4DAF-84C5-F8621193BD22}.Debug|Any CPU.ActiveCfg = Debug|Any CPU
		{9602356E-15D1-4DAF-84C5-F8621193BD22}.Debug|Any CPU.Build.0 = Debug|Any CPU
		{9602356E-15D1-4DAF-84C5-F8621193BD22}.Release|Any CPU.ActiveCfg = Release|Any CPU
		{9602356E-15D1-4DAF-84C5-F8621193BD22}.Release|Any CPU.Build.0 = Release|Any CPU
	EndGlobalSection
	GlobalSection(SolutionProperties) = preSolution
		HideSolutionNode = FALSE
	EndGlobalSection
	GlobalSection(ExtensibilityGlobals) = postSolution
		SolutionGuid = {65DC6CF8-B121-40D2-B58F-BCDC24C0174A}
	EndGlobalSection
EndGlobal
